
Microsoft Visual Studio Solution File, Format Version 12.00
# Visual Studio Version 17
VisualStudioVersion = 17.0.31903.59
MinimumVisualStudioVersion = 10.0.40219.1
Project("{2150E333-8FDC-42A3-9474-1A3956D46DE8}") = "tests", "tests", "{0AB3BF05-4346-4AA6-1389-037BE0695223}"
EndProject
Project("{FAE04EC0-301F-11D3-BF4B-00C04F79EFBC}") = "VumaRetail.UnitTests", "tests\VumaRetail.UnitTests\VumaRetail.UnitTests.csproj", "{A7C9E2D5-CA24-4D04-A975-4BFC3D61F02C}"
EndProject
Project("{FAE04EC0-301F-11D3-BF4B-00C04F79EFBC}") = "VumaRetail.ArchitectureTests", "tests\VumaRetail.ArchitectureTests\VumaRetail.ArchitectureTests.csproj", "{71CB1679-F56E-4374-95D8-1E3B2E6B5F4E}"
EndProject
Project("{FAE04EC0-301F-11D3-BF4B-00C04F79EFBC}") = "VumaRetail.StoreServer", "src\VumaRetail.StoreServer\VumaRetail.StoreServer.csproj", "{22BDE70C-C585-491C-AB4C-FECAFF99A083}"
EndProject
Project("{FAE04EC0-301F-11D3-BF4B-00C04F79EFBC}") = "VumaRetail.CloudApi", "src\VumaRetail.CloudApi\VumaRetail.CloudApi.csproj", "{80D81586-3F98-41D6-BCF3-F4FD83151DF8}"
EndProject
Project("{FAE04EC0-301F-11D3-BF4B-00C04F79EFBC}") = "VumaRetail.PublicApi", "src\VumaRetail.PublicApi\VumaRetail.PublicApi.csproj", "{2CBABDA4-ECA1-404A-B6F7-77A134495263}"
EndProject
Project("{FAE04EC0-301F-11D3-BF4B-00C04F79EFBC}") = "VumaRetail.Infrastructure", "src\VumaRetail.Infrastructure\VumaRetail.Infrastructure.csproj", "{01CD5766-A078-484C-82A6-54ABB5EFEACE}"
EndProject
Project("{FAE04EC0-301F-11D3-BF4B-00C04F79EFBC}") = "VumaRetail.Contracts", "src\VumaRetail.Contracts\VumaRetail.Contracts.csproj", "{9EE87DA2-031B-4890-9F3F-8E39E83F4FF1}"
EndProject
Project("{FAE04EC0-301F-11D3-BF4B-00C04F79EFBC}") = "VumaRetail.Application", "src\VumaRetail.Application\VumaRetail.Application.csproj", "{323CF87B-35FE-4620-80EC-DF12297001F8}"
EndProject
Project("{FAE04EC0-301F-11D3-BF4B-00C04F79EFBC}") = "VumaRetail.Domain", "src\VumaRetail.Domain\VumaRetail.Domain.csproj", "{FC05EE10-98B1-41BB-8194-917BF7661C71}"
EndProject
Project("{FAE04EC0-301F-11D3-BF4B-00C04F79EFBC}") = "VumaRetail.Sync", "src\VumaRetail.Sync\VumaRetail.Sync.csproj", "{100036A0-832B-4778-9C2B-57C06C59C9BF}"
EndProject
Project("{FAE04EC0-301F-11D3-BF4B-00C04F79EFBC}") = "VumaRetail.IntegrationTests", "tests\VumaRetail.IntegrationTests\VumaRetail.IntegrationTests.csproj", "{8DB3FC0B-6A29-4445-8F41-1B0161197ACA}"
EndProject
Project("{2150E333-8FDC-42A3-9474-1A3956D46DE8}") = "src", "src", "{827E0CD3-B72D-47B6-A68D-7590B98EB39B}"
EndProject
Project("{FAE04EC0-301F-11D3-BF4B-00C04F79EFBC}") = "VumaRetail.Web", "src\VumaRetail.Web\VumaRetail.Web.csproj", "{7D044F8D-B0C7-46D2-850F-EBABAD31EAB3}"
EndProject
Project("{FAE04EC0-301F-11D3-BF4B-00C04F79EFBC}") = "VumaRetail.Licensing", "src\VumaRetail.Licensing\VumaRetail.Licensing.csproj", "{F89F8FA2-ABA6-4917-8190-6F2EC7E0D9FC}"
EndProject
Project("{FAE04EC0-301F-11D3-BF4B-00C04F79EFBC}") = "VumaRetail.Finance", "src\VumaRetail.Finance\VumaRetail.Finance.csproj", "{75817389-D149-423D-87FF-3A7868FBD3BD}"
EndProject
Project("{FAE04EC0-301F-11D3-BF4B-00C04F79EFBC}") = "VumaRetail.Hardware", "src\VumaRetail.Hardware\VumaRetail.Hardware.csproj", "{D72BDE4A-4769-424D-9E14-26CB77CFCE55}"
EndProject
Project("{FAE04EC0-301F-11D3-BF4B-00C04F79EFBC}") = "VumaRetail.Imports", "src\VumaRetail.Imports\VumaRetail.Imports.csproj", "{B3957DB9-3385-4C2A-8315-4553A69FD63D}"
EndProject
Global
	GlobalSection(SolutionConfigurationPlatforms) = preSolution
		Debug|Any CPU = Debug|Any CPU
		Debug|x64 = Debug|x64
		Debug|x86 = Debug|x86
		Release|Any CPU = Release|Any CPU
		Release|x64 = Release|x64
		Release|x86 = Release|x86
	EndGlobalSection
	GlobalSection(ProjectConfigurationPlatforms) = postSolution
		{A7C9E2D5-CA24-4D04-A975-4BFC3D61F02C}.Debug|Any CPU.ActiveCfg = Debug|Any CPU
		{A7C9E2D5-CA24-4D04-A975-4BFC3D61F02C}.Debug|Any CPU.Build.0 = Debug|Any CPU
		{A7C9E2D5-CA24-4D04-A975-4BFC3D61F02C}.Debug|x64.ActiveCfg = Debug|Any CPU
		{A7C9E2D5-CA24-4D04-A975-4BFC3D61F02C}.Debug|x64.Build.0 = Debug|Any CPU
		{A7C9E2D5-CA24-4D04-A975-4BFC3D61F02C}.Debug|x86.ActiveCfg = Debug|Any CPU
		{A7C9E2D5-CA24-4D04-A975-4BFC3D61F02C}.Debug|x86.Build.0 = Debug|Any CPU
		{A7C9E2D5-CA24-4D04-A975-4BFC3D61F02C}.Release|Any CPU.ActiveCfg = Release|Any CPU
		{A7C9E2D5-CA24-4D04-A975-4BFC3D61F02C}.Release|Any CPU.Build.0 = Release|Any CPU
		{A7C9E2D5-CA24-4D04-A975-4BFC3D61F02C}.Release|x64.ActiveCfg = Release|Any CPU
		{A7C9E2D5-CA24-4D04-A975-4BFC3D61F02C}.Release|x64.Build.0 = Release|Any CPU
		{A7C9E2D5-CA24-4D04-A975-4BFC3D61F02C}.Release|x86.ActiveCfg = Release|Any CPU
		{A7C9E2D5-CA24-4D04-A975-4BFC3D61F02C}.Release|x86.Build.0 = Release|Any CPU
		{71CB1679-F56E-4374-95D8-1E3B2E6B5F4E}.Debug|Any CPU.ActiveCfg = Debug|Any CPU
		{71CB1679-F56E-4374-95D8-1E3B2E6B5F4E}.Debug|Any CPU.Build.0 = Debug|Any CPU
		{71CB1679-F56E-4374-95D8-1E3B2E6B5F4E}.Debug|x64.ActiveCfg = Debug|Any CPU
		{71CB1679-F56E-4374-95D8-1E3B2E6B5F4E}.Debug|x64.Build.0 = Debug|Any CPU
		{71CB1679-F56E-4374-95D8-1E3B2E6B5F4E}.Debug|x86.ActiveCfg = Debug|Any CPU
		{71CB1679-F56E-4374-95D8-1E3B2E6B5F4E}.Debug|x86.Build.0 = Debug|Any CPU
		{71CB1679-F56E-4374-95D8-1E3B2E6B5F4E}.Release|Any CPU.ActiveCfg = Release|Any CPU
		{71CB1679-F56E-4374-95D8-1E3B2E6B5F4E}.Release|Any CPU.Build.0 = Release|Any CPU
		{71CB1679-F56E-4374-95D8-1E3B2E6B5F4E}.Release|x64.ActiveCfg = Release|Any CPU
		{71CB1679-F56E-4374-95D8-1E3B2E6B5F4E}.Release|x64.Build.0 = Release|Any CPU
		{71CB1679-F56E-4374-95D8-1E3B2E6B5F4E}.Release|x86.ActiveCfg = Release|Any CPU
		{71CB1679-F56E-4374-95D8-1E3B2E6B5F4E}.Release|x86.Build.0 = Release|Any CPU
		{22BDE70C-C585-491C-AB4C-FECAFF99A083}.Debug|Any CPU.ActiveCfg = Debug|Any CPU
		{22BDE70C-C585-491C-AB4C-FECAFF99A083}.Debug|Any CPU.Build.0 = Debug|Any CPU
		{22BDE70C-C585-491C-AB4C-FECAFF99A083}.Debug|x64.ActiveCfg = Debug|Any CPU
		{22BDE70C-C585-491C-AB4C-FECAFF99A083}.Debug|x64.Build.0 = Debug|Any CPU
		{22BDE70C-C585-491C-AB4C-FECAFF99A083}.Debug|x86.ActiveCfg = Debug|Any CPU
		{22BDE70C-C585-491C-AB4C-FECAFF99A083}.Debug|x86.Build.0 = Debug|Any CPU
		{22BDE70C-C585-491C-AB4C-FECAFF99A083}.Release|Any CPU.ActiveCfg = Release|Any CPU
		{22BDE70C-C585-491C-AB4C-FECAFF99A083}.Release|Any CPU.Build.0 = Release|Any CPU
		{22BDE70C-C585-491C-AB4C-FECAFF99A083}.Release|x64.ActiveCfg = Release|Any CPU
		{22BDE70C-C585-491C-AB4C-FECAFF99A083}.Release|x64.Build.0 = Release|Any CPU
		{22BDE70C-C585-491C-AB4C-FECAFF99A083}.Release|x86.ActiveCfg = Release|Any CPU
		{22BDE70C-C585-491C-AB4C-FECAFF99A083}.Release|x86.Build.0 = Release|Any CPU
		{80D81586-3F98-41D6-BCF3-F4FD83151DF8}.Debug|Any CPU.ActiveCfg = Debug|Any CPU
		{80D81586-3F98-41D6-BCF3-F4FD83151DF8}.Debug|Any CPU.Build.0 = Debug|Any CPU
		{80D81586-3F98-41D6-BCF3-F4FD83151DF8}.Debug|x64.ActiveCfg = Debug|Any CPU
		{80D81586-3F98-41D6-BCF3-F4FD83151DF8}.Debug|x64.Build.0 = Debug|Any CPU
		{80D81586-3F98-41D6-BCF3-F4FD83151DF8}.Debug|x86.ActiveCfg = Debug|Any CPU
		{80D81586-3F98-41D6-BCF3-F4FD83151DF8}.Debug|x86.Build.0 = Debug|Any CPU
		{80D81586-3F98-41D6-BCF3-F4FD83151DF8}.Release|Any CPU.ActiveCfg = Release|Any CPU
		{80D81586-3F98-41D6-BCF3-F4FD83151DF8}.Release|Any CPU.Build.0 = Release|Any CPU
		{80D81586-3F98-41D6-BCF3-F4FD83151DF8}.Release|x64.ActiveCfg = Release|Any CPU
		{80D81586-3F98-41D6-BCF3-F4FD83151DF8}.Release|x64.Build.0 = Release|Any CPU
		{80D81586-3F98-41D6-BCF3-F4FD83151DF8}.Release|x86.ActiveCfg = Release|Any CPU
		{80D81586-3F98-41D6-BCF3-F4FD83151DF8}.Release|x86.Build.0 = Release|Any CPU
		{2CBABDA4-ECA1-404A-B6F7-77A134495263}.Debug|Any CPU.ActiveCfg = Debug|Any CPU
		{2CBABDA4-ECA1-404A-B6F7-77A134495263}.Debug|Any CPU.Build.0 = Debug|Any CPU
		{2CBABDA4-ECA1-404A-B6F7-77A134495263}.Debug|x64.ActiveCfg = Debug|Any CPU
		{2CBABDA4-ECA1-404A-B6F7-77A134495263}.Debug|x64.Build.0 = Debug|Any CPU
		{2CBABDA4-ECA1-404A-B6F7-77A134495263}.Debug|x86.ActiveCfg = Debug|Any CPU
		{2CBABDA4-ECA1-404A-B6F7-77A134495263}.Debug|x86.Build.0 = Debug|Any CPU
		{2CBABDA4-ECA1-404A-B6F7-77A134495263}.Release|Any CPU.ActiveCfg = Release|Any CPU
		{2CBABDA4-ECA1-404A-B6F7-77A134495263}.Release|Any CPU.Build.0 = Release|Any CPU
		{2CBABDA4-ECA1-404A-B6F7-77A134495263}.Release|x64.ActiveCfg = Release|Any CPU
		{2CBABDA4-ECA1-404A-B6F7-77A134495263}.Release|x64.Build.0 = Release|Any CPU
		{2CBABDA4-ECA1-404A-B6F7-77A134495263}.Release|x86.ActiveCfg = Release|Any CPU
		{2CBABDA4-ECA1-404A-B6F7-77A134495263}.Release|x86.Build.0 = Release|Any CPU
		{01CD5766-A078-484C-82A6-54ABB5EFEACE}.Debug|Any CPU.ActiveCfg = Debug|Any CPU
		{01CD5766-A078-484C-82A6-54ABB5EFEACE}.Debug|Any CPU.Build.0 = Debug|Any CPU
		{01CD5766-A078-484C-82A6-54ABB5EFEACE}.Debug|x64.ActiveCfg = Debug|Any CPU
		{01CD5766-A078-484C-82A6-54ABB5EFEACE}.Debug|x64.Build.0 = Debug|Any CPU
		{01CD5766-A078-484C-82A6-54ABB5EFEACE}.Debug|x86.ActiveCfg = Debug|Any CPU
		{01CD5766-A078-484C-82A6-54ABB5EFEACE}.Debug|x86.Build.0 = Debug|Any CPU
		{01CD5766-A078-484C-82A6-54ABB5EFEACE}.Release|Any CPU.ActiveCfg = Release|Any CPU
		{01CD5766-A078-484C-82A6-54ABB5EFEACE}.Release|Any CPU.Build.0 = Release|Any CPU
		{01CD5766-A078-484C-82A6-54ABB5EFEACE}.Release|x64.ActiveCfg = Release|Any CPU
		{01CD5766-A078-484C-82A6-54ABB5EFEACE}.Release|x64.Build.0 = Release|Any CPU
		{01CD5766-A078-484C-82A6-54ABB5EFEACE}.Release|x86.ActiveCfg = Release|Any CPU
		{01CD5766-A078-484C-82A6-54ABB5EFEACE}.Release|x86.Build.0 = Release|Any CPU
		{9EE87DA2-031B-4890-9F3F-8E39E83F4FF1}.Debug|Any CPU.ActiveCfg = Debug|Any CPU
		{9EE87DA2-031B-4890-9F3F-8E39E83F4FF1}.Debug|Any CPU.Build.0 = Debug|Any CPU
		{9EE87DA2-031B-4890-9F3F-8E39E83F4FF1}.Debug|x64.ActiveCfg = Debug|Any CPU
		{9EE87DA2-031B-4890-9F3F-8E39E83F4FF1}.Debug|x64.Build.0 = Debug|Any CPU
		{9EE87DA2-031B-4890-9F3F-8E39E83F4FF1}.Debug|x86.ActiveCfg = Debug|Any CPU
		{9EE87DA2-031B-4890-9F3F-8E39E83F4FF1}.Debug|x86.Build.0 = Debug|Any CPU
		{9EE87DA2-031B-4890-9F3F-8E39E83F4FF1}.Release|Any CPU.ActiveCfg = Release|Any CPU
		{9EE87DA2-031B-4890-9F3F-8E39E83F4FF1}.Release|Any CPU.Build.0 = Release|Any CPU
		{9EE87DA2-031B-4890-9F3F-8E39E83F4FF1}.Release|x64.ActiveCfg = Release|Any CPU
		{9EE87DA2-031B-4890-9F3F-8E39E83F4FF1}.Release|x64.Build.0 = Release|Any CPU
		{9EE87DA2-031B-4890-9F3F-8E39E83F4FF1}.Release|x86.ActiveCfg = Release|Any CPU
		{9EE87DA2-031B-4890-9F3F-8E39E83F4FF1}.Release|x86.Build.0 = Release|Any CPU
		{323CF87B-35FE-4620-80EC-DF12297001F8}.Debug|Any CPU.ActiveCfg = Debug|Any CPU
		{323CF87B-35FE-4620-80EC-DF12297001F8}.Debug|Any CPU.Build.0 = Debug|Any CPU
		{323CF87B-35FE-4620-80EC-DF12297001F8}.Debug|x64.ActiveCfg = Debug|Any CPU
		{323CF87B-35FE-4620-80EC-DF12297001F8}.Debug|x64.Build.0 = Debug|Any CPU
		{323CF87B-35FE-4620-80EC-DF12297001F8}.Debug|x86.ActiveCfg = Debug|Any CPU
		{323CF87B-35FE-4620-80EC-DF12297001F8}.Debug|x86.Build.0 = Debug|Any CPU
		{323CF87B-35FE-4620-80EC-DF12297001F8}.Release|Any CPU.ActiveCfg = Release|Any CPU
		{323CF87B-35FE-4620-80EC-DF12297001F8}.Release|Any CPU.Build.0 = Release|Any CPU
		{323CF87B-35FE-4620-80EC-DF12297001F8}.Release|x64.ActiveCfg = Release|Any CPU
		{323CF87B-35FE-4620-80EC-DF12297001F8}.Release|x64.Build.0 = Release|Any CPU
		{323CF87B-35FE-4620-80EC-DF12297001F8}.Release|x86.ActiveCfg = Release|Any CPU
		{323CF87B-35FE-4620-80EC-DF12297001F8}.Release|x86.Build.0 = Release|Any CPU
		{FC05EE10-98B1-41BB-8194-917BF7661C71}.Debug|Any CPU.ActiveCfg = Debug|Any CPU
		{FC05EE10-98B1-41BB-8194-917BF7661C71}.Debug|Any CPU.Build.0 = Debug|Any CPU
		{FC05EE10-98B1-41BB-8194-917BF7661C71}.Debug|x64.ActiveCfg = Debug|Any CPU
		{FC05EE10-98B1-41BB-8194-917BF7661C71}.Debug|x64.Build.0 = Debug|Any CPU
		{FC05EE10-98B1-41BB-8194-917BF7661C71}.Debug|x86.ActiveCfg = Debug|Any CPU
		{FC05EE10-98B1-41BB-8194-917BF7661C71}.Debug|x86.Build.0 = Debug|Any CPU
		{FC05EE10-98B1-41BB-8194-917BF7661C71}.Release|Any CPU.ActiveCfg = Release|Any CPU
		{FC05EE10-98B1-41BB-8194-917BF7661C71}.Release|Any CPU.Build.0 = Release|Any CPU
		{FC05EE10-98B1-41BB-8194-917BF7661C71}.Release|x64.ActiveCfg = Release|Any CPU
		{FC05EE10-98B1-41BB-8194-917BF7661C71}.Release|x64.Build.0 = Release|Any CPU
		{FC05EE10-98B1-41BB-8194-917BF7661C71}.Release|x86.ActiveCfg = Release|Any CPU
		{FC05EE10-98B1-41BB-8194-917BF7661C71}.Release|x86.Build.0 = Release|Any CPU
		{100036A0-832B-4778-9C2B-57C06C59C9BF}.Debug|Any CPU.ActiveCfg = Debug|Any CPU
		{100036A0-832B-4778-9C2B-57C06C59C9BF}.Debug|Any CPU.Build.0 = Debug|Any CPU
		{100036A0-832B-4778-9C2B-57C06C59C9BF}.Debug|x64.ActiveCfg = Debug|Any CPU
		{100036A0-832B-4778-9C2B-57C06C59C9BF}.Debug|x64.Build.0 = Debug|Any CPU
		{100036A0-832B-4778-9C2B-57C06C59C9BF}.Debug|x86.ActiveCfg = Debug|Any CPU
		{100036A0-832B-4778-9C2B-57C06C59C9BF}.Debug|x86.Build.0 = Debug|Any CPU
		{100036A0-832B-4778-9C2B-57C06C59C9BF}.Release|Any CPU.ActiveCfg = Release|Any CPU
		{100036A0-832B-4778-9C2B-57C06C59C9BF}.Release|Any CPU.Build.0 = Release|Any CPU
		{100036A0-832B-4778-9C2B-57C06C59C9BF}.Release|x64.ActiveCfg = Release|Any CPU
		{100036A0-832B-4778-9C2B-57C06C59C9BF}.Release|x64.Build.0 = Release|Any CPU
		{100036A0-832B-4778-9C2B-57C06C59C9BF}.Release|x86.ActiveCfg = Release|Any CPU
		{100036A0-832B-4778-9C2B-57C06C59C9BF}.Release|x86.Build.0 = Release|Any CPU
		{8DB3FC0B-6A29-4445-8F41-1B0161197ACA}.Debug|Any CPU.ActiveCfg = Debug|Any CPU
		{8DB3FC0B-6A29-4445-8F41-1B0161197ACA}.Debug|Any CPU.Build.0 = Debug|Any CPU
		{8DB3FC0B-6A29-4445-8F41-1B0161197ACA}.Debug|x64.ActiveCfg = Debug|Any CPU
		{8DB3FC0B-6A29-4445-8F41-1B0161197ACA}.Debug|x64.Build.0 = Debug|Any CPU
		{8DB3FC0B-6A29-4445-8F41-1B0161197ACA}.Debug|x86.ActiveCfg = Debug|Any CPU
		{8DB3FC0B-6A29-4445-8F41-1B0161197ACA}.Debug|x86.Build.0 = Debug|Any CPU
		{8DB3FC0B-6A29-4445-8F41-1B0161197ACA}.Release|Any CPU.ActiveCfg = Release|Any CPU
		{8DB3FC0B-6A29-4445-8F41-1B0161197ACA}.Release|Any CPU.Build.0 = Release|Any CPU
		{8DB3FC0B-6A29-4445-8F41-1B0161197ACA}.Release|x64.ActiveCfg = Release|Any CPU
		{8DB3FC0B-6A29-4445-8F41-1B0161197ACA}.Release|x64.Build.0 = Release|Any CPU
		{8DB3FC0B-6A29-4445-8F41-1B0161197ACA}.Release|x86.ActiveCfg = Release|Any CPU
		{8DB3FC0B-6A29-4445-8F41-1B0161197ACA}.Release|x86.Build.0 = Release|Any CPU
		{7D044F8D-B0C7-46D2-850F-EBABAD31EAB3}.Debug|Any CPU.ActiveCfg = Debug|Any CPU
		{7D044F8D-B0C7-46D2-850F-EBABAD31EAB3}.Debug|Any CPU.Build.0 = Debug|Any CPU
		{7D044F8D-B0C7-46D2-850F-EBABAD31EAB3}.Debug|x64.ActiveCfg = Debug|Any CPU
		{7D044F8D-B0C7-46D2-850F-EBABAD31EAB3}.Debug|x64.Build.0 = Debug|Any CPU
		{7D044F8D-B0C7-46D2-850F-EBABAD31EAB3}.Debug|x86.ActiveCfg = Debug|Any CPU
		{7D044F8D-B0C7-46D2-850F-EBABAD31EAB3}.Debug|x86.Build.0 = Debug|Any CPU
		{7D044F8D-B0C7-46D2-850F-EBABAD31EAB3}.Release|Any CPU.ActiveCfg = Release|Any CPU
		{7D044F8D-B0C7-46D2-850F-EBABAD31EAB3}.Release|Any CPU.Build.0 = Release|Any CPU
		{7D044F8D-B0C7-46D2-850F-EBABAD31EAB3}.Release|x64.ActiveCfg = Release|Any CPU
		{7D044F8D-B0C7-46D2-850F-EBABAD31EAB3}.Release|x64.Build.0 = Release|Any CPU
		{7D044F8D-B0C7-46D2-850F-EBABAD31EAB3}.Release|x86.ActiveCfg = Release|Any CPU
		{7D044F8D-B0C7-46D2-850F-EBABAD31EAB3}.Release|x86.Build.0 = Release|Any CPU
		{F89F8FA2-ABA6-4917-8190-6F2EC7E0D9FC}.Debug|Any CPU.ActiveCfg = Debug|Any CPU
		{F89F8FA2-ABA6-4917-8190-6F2EC7E0D9FC}.Debug|Any CPU.Build.0 = Debug|Any CPU
		{F89F8FA2-ABA6-4917-8190-6F2EC7E0D9FC}.Debug|x64.ActiveCfg = Debug|Any CPU
		{F89F8FA2-ABA6-4917-8190-6F2EC7E0D9FC}.Debug|x64.Build.0 = Debug|Any CPU
		{F89F8FA2-ABA6-4917-8190-6F2EC7E0D9FC}.Debug|x86.ActiveCfg = Debug|Any CPU
		{F89F8FA2-ABA6-4917-8190-6F2EC7E0D9FC}.Debug|x86.Build.0 = Debug|Any CPU
		{F89F8FA2-ABA6-4917-8190-6F2EC7E0D9FC}.Release|Any CPU.ActiveCfg = Release|Any CPU
		{F89F8FA2-ABA6-4917-8190-6F2EC7E0D9FC}.Release|Any CPU.Build.0 = Release|Any CPU
		{F89F8FA2-ABA6-4917-8190-6F2EC7E0D9FC}.Release|x64.ActiveCfg = Release|Any CPU
		{F89F8FA2-ABA6-4917-8190-6F2EC7E0D9FC}.Release|x64.Build.0 = Release|Any CPU
		{F89F8FA2-ABA6-4917-8190-6F2EC7E0D9FC}.Release|x86.ActiveCfg = Release|Any CPU
		{F89F8FA2-ABA6-4917-8190-6F2EC7E0D9FC}.Release|x86.Build.0 = Release|Any CPU
		{75817389-D149-423D-87FF-3A7868FBD3BD}.Debug|Any CPU.ActiveCfg = Debug|Any CPU
		{75817389-D149-423D-87FF-3A7868FBD3BD}.Debug|Any CPU.Build.0 = Debug|Any CPU
		{75817389-D149-423D-87FF-3A7868FBD3BD}.Debug|x64.ActiveCfg = Debug|Any CPU
		{75817389-D149-423D-87FF-3A7868FBD3BD}.Debug|x64.Build.0 = Debug|Any CPU
		{75817389-D149-423D-87FF-3A7868FBD3BD}.Debug|x86.ActiveCfg = Debug|Any CPU
		{75817389-D149-423D-87FF-3A7868FBD3BD}.Debug|x86.Build.0 = Debug|Any CPU
		{75817389-D149-423D-87FF-3A7868FBD3BD}.Release|Any CPU.ActiveCfg = Release|Any CPU
		{75817389-D149-423D-87FF-3A7868FBD3BD}.Release|Any CPU.Build.0 = Release|Any CPU
		{75817389-D149-423D-87FF-3A7868FBD3BD}.Release|x64.ActiveCfg = Release|Any CPU
		{75817389-D149-423D-87FF-3A7868FBD3BD}.Release|x64.Build.0 = Release|Any CPU
		{75817389-D149-423D-87FF-3A7868FBD3BD}.Release|x86.ActiveCfg = Release|Any CPU
		{75817389-D149-423D-87FF-3A7868FBD3BD}.Release|x86.Build.0 = Release|Any CPU
		{D72BDE4A-4769-424D-9E14-26CB77CFCE55}.Debug|Any CPU.ActiveCfg = Debug|Any CPU
		{D72BDE4A-4769-424D-9E14-26CB77CFCE55}.Debug|Any CPU.Build.0 = Debug|Any CPU
		{D72BDE4A-4769-424D-9E14-26CB77CFCE55}.Debug|x64.ActiveCfg = Debug|Any CPU
		{D72BDE4A-4769-424D-9E14-26CB77CFCE55}.Debug|x64.Build.0 = Debug|Any CPU
		{D72BDE4A-4769-424D-9E14-26CB77CFCE55}.Debug|x86.ActiveCfg = Debug|Any CPU
		{D72BDE4A-4769-424D-9E14-26CB77CFCE55}.Debug|x86.Build.0 = Debug|Any CPU
		{D72BDE4A-4769-424D-9E14-26CB77CFCE55}.Release|Any CPU.ActiveCfg = Release|Any CPU
		{D72BDE4A-4769-424D-9E14-26CB77CFCE55}.Release|Any CPU.Build.0 = Release|Any CPU
		{D72BDE4A-4769-424D-9E14-26CB77CFCE55}.Release|x64.ActiveCfg = Release|Any CPU
		{D72BDE4A-4769-424D-9E14-26CB77CFCE55}.Release|x64.Build.0 = Release|Any CPU
		{D72BDE4A-4769-424D-9E14-26CB77CFCE55}.Release|x86.ActiveCfg = Release|Any CPU
		{D72BDE4A-4769-424D-9E14-26CB77CFCE55}.Release|x86.Build.0 = Release|Any CPU
		{B3957DB9-3385-4C2A-8315-4553A69FD63D}.Debug|Any CPU.ActiveCfg = Debug|Any CPU
		{B3957DB9-3385-4C2A-8315-4553A69FD63D}.Debug|Any CPU.Build.0 = Debug|Any CPU
		{B3957DB9-3385-4C2A-8315-4553A69FD63D}.Debug|x64.ActiveCfg = Debug|Any CPU
		{B3957DB9-3385-4C2A-8315-4553A69FD63D}.Debug|x64.Build.0 = Debug|Any CPU
		{B3957DB9-3385-4C2A-8315-4553A69FD63D}.Debug|x86.ActiveCfg = Debug|Any CPU
		{B3957DB9-3385-4C2A-8315-4553A69FD63D}.Debug|x86.Build.0 = Debug|Any CPU
		{B3957DB9-3385-4C2A-8315-4553A69FD63D}.Release|Any CPU.ActiveCfg = Release|Any CPU
		{B3957DB9-3385-4C2A-8315-4553A69FD63D}.Release|Any CPU.Build.0 = Release|Any CPU
		{B3957DB9-3385-4C2A-8315-4553A69FD63D}.Release|x64.ActiveCfg = Release|Any CPU
		{B3957DB9-3385-4C2A-8315-4553A69FD63D}.Release|x64.Build.0 = Release|Any CPU
		{B3957DB9-3385-4C2A-8315-4553A69FD63D}.Release|x86.ActiveCfg = Release|Any CPU
		{B3957DB9-3385-4C2A-8315-4553A69FD63D}.Release|x86.Build.0 = Release|Any CPU
	EndGlobalSection
	GlobalSection(SolutionProperties) = preSolution
		HideSolutionNode = FALSE
	EndGlobalSection
	GlobalSection(NestedProjects) = preSolution
		{A7C9E2D5-CA24-4D04-A975-4BFC3D61F02C} = {0AB3BF05-4346-4AA6-1389-037BE0695223}
		{71CB1679-F56E-4374-95D8-1E3B2E6B5F4E} = {0AB3BF05-4346-4AA6-1389-037BE0695223}
		{22BDE70C-C585-491C-AB4C-FECAFF99A083} = {0AB3BF05-4346-4AA6-1389-037BE0695223}
		{80D81586-3F98-41D6-BCF3-F4FD83151DF8} = {0AB3BF05-4346-4AA6-1389-037BE0695223}
		{2CBABDA4-ECA1-404A-B6F7-77A134495263} = {0AB3BF05-4346-4AA6-1389-037BE0695223}
		{01CD5766-A078-484C-82A6-54ABB5EFEACE} = {0AB3BF05-4346-4AA6-1389-037BE0695223}
		{9EE87DA2-031B-4890-9F3F-8E39E83F4FF1} = {0AB3BF05-4346-4AA6-1389-037BE0695223}
		{323CF87B-35FE-4620-80EC-DF12297001F8} = {0AB3BF05-4346-4AA6-1389-037BE0695223}
		{FC05EE10-98B1-41BB-8194-917BF7661C71} = {0AB3BF05-4346-4AA6-1389-037BE0695223}
		{100036A0-832B-4778-9C2B-57C06C59C9BF} = {0AB3BF05-4346-4AA6-1389-037BE0695223}
		{8DB3FC0B-6A29-4445-8F41-1B0161197ACA} = {0AB3BF05-4346-4AA6-1389-037BE0695223}
		{7D044F8D-B0C7-46D2-850F-EBABAD31EAB3} = {827E0CD3-B72D-47B6-A68D-7590B98EB39B}
		{F89F8FA2-ABA6-4917-8190-6F2EC7E0D9FC} = {827E0CD3-B72D-47B6-A68D-7590B98EB39B}
		{75817389-D149-423D-87FF-3A7868FBD3BD} = {827E0CD3-B72D-47B6-A68D-7590B98EB39B}
		{D72BDE4A-4769-424D-9E14-26CB77CFCE55} = {827E0CD3-B72D-47B6-A68D-7590B98EB39B}
		{B3957DB9-3385-4C2A-8315-4553A69FD63D} = {827E0CD3-B72D-47B6-A68D-7590B98EB39B}
	EndGlobalSection
EndGlobal
